
Microsoft Visual Studio Solution File, Format Version 12.00
# Visual Studio 15
Project("{FAE04EC0-301F-11D3-BF4B-00C04F79EFBC}") = "Assembly-CSharp", "Assembly-CSharp.csproj", "{E640E9EE-64E3-59C5-7200-1134B67546E3}"
EndProject
Project("{FAE04EC0-301F-11D3-BF4B-00C04F79EFBC}") = "Assembly-CSharp-Editor", "Assembly-CSharp-Editor.csproj", "{84CDB4FB-EA08-22B3-6AA0-17051EAE400A}"
EndProject
Global
	GlobalSection(SolutionConfigurationPlatforms) = preSolution
		Debug|Any CPU = Debug|Any CPU
		Release|Any CPU = Release|Any CPU
	EndGlobalSection
	GlobalSection(ProjectConfigurationPlatforms) = postSolution
		{E640E9EE-64E3-59C5-7200-1134B67546E3}.Debug|Any CPU.ActiveCfg = Debug|Any CPU
		{E640E9EE-64E3-59C5-7200-1134B67546E3}.Debug|Any CPU.Build.0 = Debug|Any CPU
		{E640E9EE-64E3-59C5-7200-1134B67546E3}.Release|Any CPU.ActiveCfg = Release|Any CPU
		{E640E9EE-64E3-59C5-7200-1134B67546E3}.Release|Any CPU.Build.0 = Release|Any CPU
		{84CDB4FB-EA08-22B3-6AA0-17051EAE400A}.Debug|Any CPU.ActiveCfg = Debug|Any CPU
		{84CDB4FB-EA08-22B3-6AA0-17051EAE400A}.Debug|Any CPU.Build.0 = Debug|Any CPU
		{84CDB4FB-EA08-22B3-6AA0-17051EAE400A}.Release|Any CPU.ActiveCfg = Release|Any CPU
		{84CDB4FB-EA08-22B3-6AA0-17051EAE400A}.Release|Any CPU.Build.0 = Release|Any CPU
	EndGlobalSection
	GlobalSection(SolutionProperties) = preSolution
		HideSolutionNode = FALSE
	EndGlobalSection
	GlobalSection(MonoDevelopProperties) = preSolution
		StartupItem = Assembly-CSharp.csproj
	EndGlobalSection
EndGlobal
